<?xml version="1.0" encoding="utf-8"?>
<Project ToolsVersion="4.0" xmlns="http://schemas.microsoft.com/developer/msbuild/2003">
  <ItemGroup>
    <Filter Include="리소스 파일">
      <UniqueIdentifier>{67DA6AB6-F800-4c08-8B7A-83BB121AAD01}</UniqueIdentifier>
      <Extensions>rc;ico;cur;bmp;dlg;rc2;rct;bin;rgs;gif;jpg;jpeg;jpe;resx;tiff;tif;png;wav;mfcribbon-ms</Extensions>
    </Filter>
    <Filter Include="src">
      <UniqueIdentifier>{4FC737F1-C7A5-4376-A066-2A32D752A2FF}</UniqueIdentifier>
      <Extensions>cpp;c;cc;cxx;c++;cppm;ixx;def;odl;idl;hpj;bat;asm;asmx</Extensions>
    </Filter>
    <Filter Include="shaders">
      <UniqueIdentifier>{bf77bcbe-e98e-4a42-84d9-354d6a7dbf24}</UniqueIdentifier>
    </Filter>
  </ItemGroup>
  <ItemGroup>
    <ResourceCompile Include="SkyAtmosphereOpenGL.rc">
      <Filter>리소스 파일</Filter>
    </ResourceCompile>
  </ItemGroup>
  <ItemGroup>
    <Image Include="small.ico">
      <Filter>리소스 파일</Filter>
    </Image>
    <Image Include="SkyAtmosphereOpenGL.ico">
      <Filter>리소스 파일</Filter>
    </Image>
  </ItemGroup>
  <ItemGroup>
    <ClCompile Include="src\SkyAtmosphereOpenGL.cpp">
      <Filter>src</Filter>
    </ClCompile>
  </ItemGroup>
  <ItemGroup>
    <None Include="resources\shaders\fullscreen_quad.vs.glsl">
      <Filter>shaders</Filter>
    </None>
    <None Include="resources\shaders\multiscattering_lut.cs.glsl">
      <Filter>shaders</Filter>
    </None>
    <None Include="resources\shaders\postprocess.fs.glsl">
      <Filter>shaders</Filter>
    </None>
    <None Include="resources\shaders\render_raymarching.fs.glsl">
      <Filter>shaders</Filter>
    </None>
    <None Include="resources\shaders\skyview_lut.fs.glsl">
      <Filter>shaders</Filter>
    </None>
    <None Include="resources\shaders\transmittance_lut.fs.glsl">
      <Filter>shaders</Filter>
    </None>
  </ItemGroup>
</Project>